
Microsoft Visual Studio Solution File, Format Version 12.00
# Visual Studio Version 16
VisualStudioVersion = 16.0.30907.101
MinimumVisualStudioVersion = 15.0.26124.0
Project("{FAE04EC0-301F-11D3-BF4B-00C04F79EFBC}") = "BookStore.API", "src\BookStore.API\BookStore.API.csproj", "{3815C1F9-126C-4C65-9855-94D3D065F9A3}"
EndProject
Global
	GlobalSection(SolutionConfigurationPlatforms) = preSolution
		Debug|Any CPU = Debug|Any CPU
		Debug|x64 = Debug|x64
		Debug|x86 = Debug|x86
		Release|Any CPU = Release|Any CPU
		Release|x64 = Release|x64
		Release|x86 = Release|x86
	EndGlobalSection
	GlobalSection(ProjectConfigurationPlatforms) = postSolution
		{3815C1F9-126C-4C65-9855-94D3D065F9A3}.Debug|Any CPU.ActiveCfg = Debug|Any CPU
		{3815C1F9-126C-4C65-9855-94D3D065F9A3}.Debug|Any CPU.Build.0 = Debug|Any CPU
		{3815C1F9-126C-4C65-9855-94D3D065F9A3}.Debug|x64.ActiveCfg = Debug|Any CPU
		{3815C1F9-126C-4C65-9855-94D3D065F9A3}.Debug|x64.Build.0 = Debug|Any CPU
		{3815C1F9-126C-4C65-9855-94D3D065F9A3}.Debug|x86.ActiveCfg = Debug|Any CPU
		{3815C1F9-126C-4C65-9855-94D3D065F9A3}.Debug|x86.Build.0 = Debug|Any CPU
		{3815C1F9-126C-4C65-9855-94D3D065F9A3}.Release|Any CPU.ActiveCfg = Release|Any CPU
		{3815C1F9-126C-4C65-9855-94D3D065F9A3}.Release|Any CPU.Build.0 = Release|Any CPU
		{3815C1F9-126C-4C65-9855-94D3D065F9A3}.Release|x64.ActiveCfg = Release|Any CPU
		{3815C1F9-126C-4C65-9855-94D3D065F9A3}.Release|x64.Build.0 = Release|Any CPU
		{3815C1F9-126C-4C65-9855-94D3D065F9A3}.Release|x86.ActiveCfg = Release|Any CPU
		{3815C1F9-126C-4C65-9855-94D3D065F9A3}.Release|x86.Build.0 = Release|Any CPU
	EndGlobalSection
	GlobalSection(SolutionProperties) = preSolution
		HideSolutionNode = FALSE
	EndGlobalSection
	GlobalSection(ExtensibilityGlobals) = postSolution
		SolutionGuid = {04026874-45AE-4276-87A0-1906DC6B42E9}
	EndGlobalSection
EndGlobal
